// !$*UTF8*$!
{
	archiveVersion = 1;
	classes = {
	};
	objectVersion = 48;
	objects = {

/* Begin PBXBuildFile section */
		8711BC0E2150689F00550C06 /* AppDelegate.swift in Sources */ = {isa = PBXBuildFile; fileRef = 8711BC0D2150689F00550C06 /* AppDelegate.swift */; };
		8711BC102150689F00550C06 /* ViewController.swift in Sources */ = {isa = PBXBuildFile; fileRef = 8711BC0F2150689F00550C06 /* ViewController.swift */; };
		8711BC132150689F00550C06 /* Main.storyboard in Resources */ = {isa = PBXBuildFile; fileRef = 8711BC112150689F00550C06 /* Main.storyboard */; };
		8711BC152150689F00550C06 /* Assets.xcassets in Resources */ = {isa = PBXBuildFile; fileRef = 8711BC142150689F00550C06 /* Assets.xcassets */; };
		8711BC182150689F00550C06 /* LaunchScreen.storyboard in Resources */ = {isa = PBXBuildFile; fileRef = 8711BC162150689F00550C06 /* LaunchScreen.storyboard */; };
		8711BC232150689F00550C06 /* SearchButtunCodeTests.swift in Sources */ = {isa = PBXBuildFile; fileRef = 8711BC222150689F00550C06 /* SearchButtunCodeTests.swift */; };
/* End PBXBuildFile section */

/* Begin PBXContainerItemProxy section */
		8711BC1F2150689F00550C06 /* PBXContainerItemProxy */ = {
			isa = PBXContainerItemProxy;
			containerPortal = 8711BC022150689F00550C06 /* Project object */;
			proxyType = 1;
			remoteGlobalIDString = 8711BC092150689F00550C06;
			remoteInfo = SearchButtunCode;
		};
/* End PBXContainerItemProxy section */

/* Begin PBXFileReference section */
		8711BC0A2150689F00550C06 /* SearchButtunCode.app */ = {isa = PBXFileReference; explicitFileType = wrapper.application; includeInIndex = 0; path = SearchButtunCode.app; sourceTree = BUILT_PRODUCTS_DIR; };
		8711BC0D2150689F00550C06 /* AppDelegate.swift */ = {isa = PBXFileReference; lastKnownFileType = sourcecode.swift; path = AppDelegate.swift; sourceTree = "<group>"; };
		8711BC0F2150689F00550C06 /* ViewController.swift */ = {isa = PBXFileReference; lastKnownFileType = sourcecode.swift; path = ViewController.swift; sourceTree = "<group>"; };
		8711BC122150689F00550C06 /* Base */ = {isa = PBXFileReference; lastKnownFileType = file.storyboard; name = Base; path = Base.lproj/Main.storyboard; sourceTree = "<group>"; };
		8711BC142150689F00550C06 /* Assets.xcassets */ = {isa = PBXFileReference; lastKnownFileType = folder.assetcatalog; path = Assets.xcassets; sourceTree = "<group>"; };
		8711BC172150689F00550C06 /* Base */ = {isa = PBXFileReference; lastKnownFileType = file.storyboard; name = Base; path = Base.lproj/LaunchScreen.storyboard; sourceTree = "<group>"; };
		8711BC192150689F00550C06 /* Info.plist */ = {isa = PBXFileReference; lastKnownFileType = text.plist.xml; path = Info.plist; sourceTree = "<group>"; };
		8711BC1E2150689F00550C06 /* SearchButtunCodeTests.xctest */ = {isa = PBXFileReference; explicitFileType = wrapper.cfbundle; includeInIndex = 0; path = SearchButtunCodeTests.xctest; sourceTree = BUILT_PRODUCTS_DIR; };
		8711BC222150689F00550C06 /* SearchButtunCodeTests.swift */ = {isa = PBXFileReference; lastKnownFileType = sourcecode.swift; path = SearchButtunCodeTests.swift; sourceTree = "<group>"; };
		8711BC242150689F00550C06 /* Info.plist */ = {isa = PBXFileReference; lastKnownFileType = text.plist.xml; path = Info.plist; sourceTree = "<group>"; };
/* End PBXFileReference section */

/* Begin PBXFrameworksBuildPhase section */
		8711BC072150689F00550C06 /* Frameworks */ = {
			isa = PBXFrameworksBuildPhase;
			buildActionMask = 2147483647;
			files = (
			);
			runOnlyForDeploymentPostprocessing = 0;
		};
		8711BC1B2150689F00550C06 /* Frameworks */ = {
			isa = PBXFrameworksBuildPhase;
			buildActionMask = 2147483647;
			files = (
			);
			runOnlyForDeploymentPostprocessing = 0;
		};
/* End PBXFrameworksBuildPhase section */

/* Begin PBXGroup section */
		8711BC012150689F00550C06 = {
			isa = PBXGroup;
			children = (
				8711BC0C2150689F00550C06 /* SearchButtunCode */,
				8711BC212150689F00550C06 /* SearchButtunCodeTests */,
				8711BC0B2150689F00550C06 /* Products */,
			);
			sourceTree = "<group>";
		};
		8711BC0B2150689F00550C06 /* Products */ = {
			isa = PBXGroup;
			children = (
				8711BC0A2150689F00550C06 /* SearchButtunCode.app */,
				8711BC1E2150689F00550C06 /* SearchButtunCodeTests.xctest */,
			);
			name = Products;
			sourceTree = "<group>";
		};
		8711BC0C2150689F00550C06 /* SearchButtunCode */ = {
			isa = PBXGroup;
			children = (
				8711BC0D2150689F00550C06 /* AppDelegate.swift */,
				8711BC0F2150689F00550C06 /* ViewController.swift */,
				8711BC112150689F00550C06 /* Main.storyboard */,
				8711BC142150689F00550C06 /* Assets.xcassets */,
				8711BC162150689F00550C06 /* LaunchScreen.storyboard */,
				8711BC192150689F00550C06 /* Info.plist */,
			);
			path = SearchButtunCode;
			sourceTree = "<group>";
		};
		8711BC212150689F00550C06 /* SearchButtunCodeTests */ = {
			isa = PBXGroup;
			children = (
				8711BC222150689F00550C06 /* SearchButtunCodeTests.swift */,
				8711BC242150689F00550C06 /* Info.plist */,
			);
			path = SearchButtunCodeTests;
			sourceTree = "<group>";
		};
/* End PBXGroup section */

/* Begin PBXNativeTarget section */
		8711BC092150689F00550C06 /* SearchButtunCode */ = {
			isa = PBXNativeTarget;
			buildConfigurationList = 8711BC272150689F00550C06 /* Build configuration list for PBXNativeTarget "SearchButtunCode" */;
			buildPhases = (
				8711BC062150689F00550C06 /* Sources */,
				8711BC072150689F00550C06 /* Frameworks */,
				8711BC082150689F00550C06 /* Resources */,
			);
			buildRules = (
			);
			dependencies = (
			);
			name = SearchButtunCode;
			productName = SearchButtunCode;
			productReference = 8711BC0A2150689F00550C06 /* SearchButtunCode.app */;
			productType = "com.apple.product-type.application";
		};
		8711BC1D2150689F00550C06 /* SearchButtunCodeTests */ = {
			isa = PBXNativeTarget;
			buildConfigurationList = 8711BC2A2150689F00550C06 /* Build configuration list for PBXNativeTarget "SearchButtunCodeTests" */;
			buildPhases = (
				8711BC1A2150689F00550C06 /* Sources */,
				8711BC1B2150689F00550C06 /* Frameworks */,
				8711BC1C2150689F00550C06 /* Resources */,
			);
			buildRules = (
			);
			dependencies = (
				8711BC202150689F00550C06 /* PBXTargetDependency */,
			);
			name = SearchButtunCodeTests;
			productName = SearchButtunCodeTests;
			productReference = 8711BC1E2150689F00550C06 /* SearchButtunCodeTests.xctest */;
			productType = "com.apple.product-type.bundle.unit-test";
		};
/* End PBXNativeTarget section */

/* Begin PBXProject section */
		8711BC022150689F00550C06 /* Project object */ = {
			isa = PBXProject;
			attributes = {
				LastSwiftUpdateCheck = 0920;
				LastUpgradeCheck = 0920;
				ORGANIZATIONNAME = TrungCatun;
				TargetAttributes = {
					8711BC092150689F00550C06 = {
						CreatedOnToolsVersion = 9.2;
						ProvisioningStyle = Automatic;
					};
					8711BC1D2150689F00550C06 = {
						CreatedOnToolsVersion = 9.2;
						ProvisioningStyle = Automatic;
						TestTargetID = 8711BC092150689F00550C06;
					};
				};
			};
			buildConfigurationList = 8711BC052150689F00550C06 /* Build configuration list for PBXProject "SearchButtunCode" */;
			compatibilityVersion = "Xcode 8.0";
			developmentRegion = en;
			hasScannedForEncodings = 0;
			knownRegions = (
				en,
				Base,
			);
			mainGroup = 8711BC012150689F00550C06;
			productRefGroup = 8711BC0B2150689F00550C06 /* Products */;
			projectDirPath = "";
			projectRoot = "";
			targets = (
				8711BC092150689F00550C06 /* SearchButtunCode */,
				8711BC1D2150689F00550C06 /* SearchButtunCodeTests */,
			);
		};
/* End PBXProject section */

/* Begin PBXResourcesBuildPhase section */
		8711BC082150689F00550C06 /* Resources */ = {
			isa = PBXResourcesBuildPhase;
			buildActionMask = 2147483647;
			files = (
				8711BC182150689F00550C06 /* LaunchScreen.storyboard in Resources */,
				8711BC152150689F00550C06 /* Assets.xcassets in Resources */,
				8711BC132150689F00550C06 /* Main.storyboard in Resources */,
			);
			runOnlyForDeploymentPostprocessing = 0;
		};
		8711BC1C2150689F00550C06 /* Resources */ = {
			isa = PBXResourcesBuildPhase;
			buildActionMask = 2147483647;
			files = (
			);
			runOnlyForDeploymentPostprocessing = 0;
		};
/* End PBXResourcesBuildPhase section */

/* Begin PBXSourcesBuildPhase section */
		8711BC062150689F00550C06 /* Sources */ = {
			isa = PBXSourcesBuildPhase;
			buildActionMask = 2147483647;
			files = (
				8711BC102150689F00550C06 /* ViewController.swift in Sources */,
				8711BC0E2150689F00550C06 /* AppDelegate.swift in Sources */,
			);
			runOnlyForDeploymentPostprocessing = 0;
		};
		8711BC1A2150689F00550C06 /* Sources */ = {
			isa = PBXSourcesBuildPhase;
			buildActionMask = 2147483647;
			files = (
				8711BC232150689F00550C06 /* SearchButtunCodeTests.swift in Sources */,
			);
			runOnlyForDeploymentPostprocessing = 0;
		};
/* End PBXSourcesBuildPhase section */

/* Begin PBXTargetDependency section */
		8711BC202150689F00550C06 /* PBXTargetDependency */ = {
			isa = PBXTargetDependency;
			target = 8711BC092150689F00550C06 /* SearchButtunCode */;
			targetProxy = 8711BC1F2150689F00550C06 /* PBXContainerItemProxy */;
		};
/* End PBXTargetDependency section */

/* Begin PBXVariantGroup section */
		8711BC112150689F00550C06 /* Main.storyboard */ = {
			isa = PBXVariantGroup;
			children = (
				8711BC122150689F00550C06 /* Base */,
			);
			name = Main.storyboard;
			sourceTree = "<group>";
		};
		8711BC162150689F00550C06 /* LaunchScreen.storyboard */ = {
			isa = PBXVariantGroup;
			children = (
				8711BC172150689F00550C06 /* Base */,
			);
			name = LaunchScreen.storyboard;
			sourceTree = "<group>";
		};
/* End PBXVariantGroup section */

/* Begin XCBuildConfiguration section */
		8711BC252150689F00550C06 /* Debug */ = {
			isa = XCBuildConfiguration;
			buildSettings = {
				ALWAYS_SEARCH_USER_PATHS = NO;
				CLANG_ANALYZER_NONNULL = YES;
				CLANG_ANALYZER_NUMBER_OBJECT_CONVERSION = YES_AGGRESSIVE;
				CLANG_CXX_LANGUAGE_STANDARD = "gnu++14";
				CLANG_CXX_LIBRARY = "libc++";
				CLANG_ENABLE_MODULES = YES;
				CLANG_ENABLE_OBJC_ARC = YES;
				CLANG_WARN_BLOCK_CAPTURE_AUTORELEASING = YES;
				CLANG_WARN_BOOL_CONVERSION = YES;
				CLANG_WARN_COMMA = YES;
				CLANG_WARN_CONSTANT_CONVERSION = YES;
				CLANG_WARN_DIRECT_OBJC_ISA_USAGE = YES_ERROR;
				CLANG_WARN_DOCUMENTATION_COMMENTS = YES;
				CLANG_WARN_EMPTY_BODY = YES;
				CLANG_WARN_ENUM_CONVERSION = YES;
				CLANG_WARN_INFINITE_RECURSION = YES;
				CLANG_WARN_INT_CONVERSION = YES;
				CLANG_WARN_NON_LITERAL_NULL_CONVERSION = YES;
				CLANG_WARN_OBJC_LITERAL_CONVERSION = YES;
				CLANG_WARN_OBJC_ROOT_CLASS = YES_ERROR;
				CLANG_WARN_RANGE_LOOP_ANALYSIS = YES;
				CLANG_WARN_STRICT_PROTOTYPES = YES;
				CLANG_WARN_SUSPICIOUS_MOVE = YES;
				CLANG_WARN_UNGUARDED_AVAILABILITY = YES_AGGRESSIVE;
				CLANG_WARN_UNREACHABLE_CODE = YES;
				CLANG_WARN__DUPLICATE_METHOD_MATCH = YES;
				CODE_SIGN_IDENTITY = "iPhone Developer";
				COPY_PHASE_STRIP = NO;
				DEBUG_INFORMATION_FORMAT = dwarf;
				ENABLE_STRICT_OBJC_MSGSEND = YES;
				ENABLE_TESTABILITY = YES;
				GCC_C_LANGUAGE_STANDARD = gnu11;
				GCC_DYNAMIC_NO_PIC = NO;
				GCC_NO_COMMON_BLOCKS = YES;
				GCC_OPTIMIZATION_LEVEL = 0;
				GCC_PREPROCESSOR_DEFINITIONS = (
					"DEBUG=1",
					"$(inherited)",
				);
				GCC_WARN_64_TO_32_BIT_CONVERSION = YES;
				GCC_WARN_ABOUT_RETURN_TYPE = YES_ERROR;
				GCC_WARN_UNDECLARED_SELECTOR = YES;
				GCC_WARN_UNINITIALIZED_AUTOS = YES_AGGRESSIVE;
				GCC_WARN_UNUSED_FUNCTION = YES;
				GCC_WARN_UNUSED_VARIABLE = YES;
				IPHONEOS_DEPLOYMENT_TARGET = 11.2;
				MTL_ENABLE_DEBUG_INFO = YES;
				ONLY_ACTIVE_ARCH = YES;
				SDKROOT = iphoneos;
				SWIFT_ACTIVE_COMPILATION_CONDITIONS = DEBUG;
				SWIFT_OPTIMIZATION_LEVEL = "-Onone";
			};
			name = Debug;
		};
		8711BC262150689F00550C06 /* Release */ = {
			isa = XCBuildConfiguration;
			buildSettings = {
				ALWAYS_SEARCH_USER_PATHS = NO;
				CLANG_ANALYZER_NONNULL = YES;
				CLANG_ANALYZER_NUMBER_OBJECT_CONVERSION = YES_AGGRESSIVE;
				CLANG_CXX_LANGUAGE_STANDARD = "gnu++14";
				CLANG_CXX_LIBRARY = "libc++";
				CLANG_ENABLE_MODULES = YES;
				CLANG_ENABLE_OBJC_ARC = YES;
				CLANG_WARN_BLOCK_CAPTURE_AUTORELEASING = YES;
				CLANG_WARN_BOOL_CONVERSION = YES;
				CLANG_WARN_COMMA = YES;
				CLANG_WARN_CONSTANT_CONVERSION = YES;
				CLANG_WARN_DIRECT_OBJC_ISA_USAGE = YES_ERROR;
				CLANG_WARN_DOCUMENTATION_COMMENTS = YES;
				CLANG_WARN_EMPTY_BODY = YES;
				CLANG_WARN_ENUM_CONVERSION = YES;
				CLANG_WARN_INFINITE_RECURSION = YES;
				CLANG_WARN_INT_CONVERSION = YES;
				CLANG_WARN_NON_LITERAL_NULL_CONVERSION = YES;
				CLANG_WARN_OBJC_LITERAL_CONVERSION = YES;
				CLANG_WARN_OBJC_ROOT_CLASS = YES_ERROR;
				CLANG_WARN_RANGE_LOOP_ANALYSIS = YES;
				CLANG_WARN_STRICT_PROTOTYPES = YES;
				CLANG_WARN_SUSPICIOUS_MOVE = YES;
				CLANG_WARN_UNGUARDED_AVAILABILITY = YES_AGGRESSIVE;
				CLANG_WARN_UNREACHABLE_CODE = YES;
				CLANG_WARN__DUPLICATE_METHOD_MATCH = YES;
				CODE_SIGN_IDENTITY = "iPhone Developer";
				COPY_PHASE_STRIP = NO;
				DEBUG_INFORMATION_FORMAT = "dwarf-with-dsym";
				ENABLE_NS_ASSERTIONS = NO;
				ENABLE_STRICT_OBJC_MSGSEND = YES;
				GCC_C_LANGUAGE_STANDARD = gnu11;
				GCC_NO_COMMON_BLOCKS = YES;
				GCC_WARN_64_TO_32_BIT_CONVERSION = YES;
				GCC_WARN_ABOUT_RETURN_TYPE = YES_ERROR;
				GCC_WARN_UNDECLARED_SELECTOR = YES;
				GCC_WARN_UNINITIALIZED_AUTOS = YES_AGGRESSIVE;
				GCC_WARN_UNUSED_FUNCTION = YES;
				GCC_WARN_UNUSED_VARIABLE = YES;
				IPHONEOS_DEPLOYMENT_TARGET = 11.2;
				MTL_ENABLE_DEBUG_INFO = NO;
				SDKROOT = iphoneos;
				SWIFT_OPTIMIZATION_LEVEL = "-Owholemodule";
				VALIDATE_PRODUCT = YES;
			};
			name = Release;
		};
		8711BC282150689F00550C06 /* Debug */ = {
			isa = XCBuildConfiguration;
			buildSettings = {
				ASSETCATALOG_COMPILER_APPICON_NAME = AppIcon;
				CODE_SIGN_STYLE = Automatic;
				INFOPLIST_FILE = SearchButtunCode/Info.plist;
				LD_RUNPATH_SEARCH_PATHS = "$(inherited) @executable_path/Frameworks";
				PRODUCT_BUNDLE_IDENTIFIER = TrungCatun.SearchButtunCode;
				PRODUCT_NAME = "$(TARGET_NAME)";
				SWIFT_VERSION = 4.0;
				TARGETED_DEVICE_FAMILY = "1,2";
			};
			name = Debug;
		};
		8711BC292150689F00550C06 /* Release */ = {
			isa = XCBuildConfiguration;
			buildSettings = {
				ASSETCATALOG_COMPILER_APPICON_NAME = AppIcon;
				CODE_SIGN_STYLE = Automatic;
				INFOPLIST_FILE = SearchButtunCode/Info.plist;
				LD_RUNPATH_SEARCH_PATHS = "$(inherited) @executable_path/Frameworks";
				PRODUCT_BUNDLE_IDENTIFIER = TrungCatun.SearchButtunCode;
				PRODUCT_NAME = "$(TARGET_NAME)";
				SWIFT_VERSION = 4.0;
				TARGETED_DEVICE_FAMILY = "1,2";
			};
			name = Release;
		};
		8711BC2B2150689F00550C06 /* Debug */ = {
			isa = XCBuildConfiguration;
			buildSettings = {
				ALWAYS_EMBED_SWIFT_STANDARD_LIBRARIES = YES;
				BUNDLE_LOADER = "$(TEST_HOST)";
				CODE_SIGN_STYLE = Automatic;
				INFOPLIST_FILE = SearchButtunCodeTests/Info.plist;
				LD_RUNPATH_SEARCH_PATHS = "$(inherited) @executable_path/Frameworks @loader_path/Frameworks";
				PRODUCT_BUNDLE_IDENTIFIER = TrungCatun.SearchButtunCodeTests;
				PRODUCT_NAME = "$(TARGET_NAME)";
				SWIFT_VERSION = 4.0;
				TARGETED_DEVICE_FAMILY = "1,2";
				TEST_HOST = "$(BUILT_PRODUCTS_DIR)/SearchButtunCode.app/SearchButtunCode";
			};
			name = Debug;
		};
		8711BC2C2150689F00550C06 /* Release */ = {
			isa = XCBuildConfiguration;
			buildSettings = {
				ALWAYS_EMBED_SWIFT_STANDARD_LIBRARIES = YES;
				BUNDLE_LOADER = "$(TEST_HOST)";
				CODE_SIGN_STYLE = Automatic;
				INFOPLIST_FILE = SearchButtunCodeTests/Info.plist;
				LD_RUNPATH_SEARCH_PATHS = "$(inherited) @executable_path/Frameworks @loader_path/Frameworks";
				PRODUCT_BUNDLE_IDENTIFIER = TrungCatun.SearchButtunCodeTests;
				PRODUCT_NAME = "$(TARGET_NAME)";
				SWIFT_VERSION = 4.0;
				TARGETED_DEVICE_FAMILY = "1,2";
				TEST_HOST = "$(BUILT_PRODUCTS_DIR)/SearchButtunCode.app/SearchButtunCode";
			};
			name = Release;
		};
/* End XCBuildConfiguration section */

/* Begin XCConfigurationList section */
		8711BC052150689F00550C06 /* Build configuration list for PBXProject "SearchButtunCode" */ = {
			isa = XCConfigurationList;
			buildConfigurations = (
				8711BC252150689F00550C06 /* Debug */,
				8711BC262150689F00550C06 /* Release */,
			);
			defaultConfigurationIsVisible = 0;
			defaultConfigurationName = Release;
		};
		8711BC272150689F00550C06 /* Build configuration list for PBXNativeTarget "SearchButtunCode" */ = {
			isa = XCConfigurationList;
			buildConfigurations = (
				8711BC282150689F00550C06 /* Debug */,
				8711BC292150689F00550C06 /* Release */,
			);
			defaultConfigurationIsVisible = 0;
			defaultConfigurationName = Release;
		};
		8711BC2A2150689F00550C06 /* Build configuration list for PBXNativeTarget "SearchButtunCodeTests" */ = {
			isa = XCConfigurationList;
			buildConfigurations = (
				8711BC2B2150689F00550C06 /* Debug */,
				8711BC2C2150689F00550C06 /* Release */,
			);
			defaultConfigurationIsVisible = 0;
			defaultConfigurationName = Release;
		};
/* End XCConfigurationList section */
	};
	rootObject = 8711BC022150689F00550C06 /* Project object */;
}
